{
  "name": "pi-egui-bridge",
  "version": "0.2.0",
  "lockfileVersion": 3,
  "requires": true,
  "packages": {
    "": {
      "name": "pi-egui-bridge",
      "version": "0.2.0",
      "license": "MIT",
      "peerDependencies": {
        "typebox": "*"
      }
    },
    "node_modules/typebox": {
      "version": "1.3.25",
      "resolved": "https://registry.npmjs.org/typebox/-/typebox-1.3.25.tgz",
      "integrity": "sha512-glTozrjba2L9Mqqy9Y9joPmrXGTW7aINuBPl8tdZJJIUIXprRWT1EU8riXUHhPOXSk4K3pDKL6OV5CkpoOKcbw==",
      "license": "MIT",
      "peer": true
    }
  }
}
